
Microsoft Visual Studio Solution File, Format Version 12.00
# Visual Studio 15
VisualStudioVersion = 15.0.27703.2047
MinimumVisualStudioVersion = 10.0.40219.1
Project("{2150E333-8FDC-42A3-9474-1A3956D46DE8}") = "StringReversal", "StringReversal", "{CA3CA7C2-B01A-414A-A657-2043DE0B4FA9}"
EndProject
Project("{9A19103F-16F7-4668-BE54-9A1E7A4F7556}") = "StringReversalCode", "StringReversalCode\StringReversalCode.csproj", "{CC5218F8-E440-4D46-B0C9-F4C51FCD6B24}"
EndProject
Project("{2150E333-8FDC-42A3-9474-1A3956D46DE8}") = "Palindrome", "Palindrome", "{22CEB821-91FD-4776-BAC2-FEF290F2957A}"
EndProject
Project("{9A19103F-16F7-4668-BE54-9A1E7A4F7556}") = "PalindromeCode", "PalindromeCode\PalindromeCode.csproj", "{3B472878-0A73-403D-A2EE-D88DD741AAC3}"
EndProject
Project("{9A19103F-16F7-4668-BE54-9A1E7A4F7556}") = "PalindromeCodeTest", "PalindromeCodeTest\PalindromeCodeTest.csproj", "{F3D5CF20-3F40-492D-AE86-D4FB4592E051}"
EndProject
Project("{9A19103F-16F7-4668-BE54-9A1E7A4F7556}") = "StringReversalCodeTest", "StringReversalCodeTest\StringReversalCodeTest.csproj", "{B193534A-D251-4C1E-B734-1FC0A10DD04B}"
EndProject
Project("{2150E333-8FDC-42A3-9474-1A3956D46DE8}") = "Reverseint", "Reverseint", "{D457EE60-CABA-4156-BCA5-4264C5A7C57D}"
EndProject
Project("{9A19103F-16F7-4668-BE54-9A1E7A4F7556}") = "ReverseintCode", "ReverseintCode\ReverseintCode.csproj", "{D8BE5212-D9AF-4E00-A75A-605E04684F43}"
EndProject
Project("{9A19103F-16F7-4668-BE54-9A1E7A4F7556}") = "ReverseintCodeTest", "ReverseintCodeTest\ReverseintCodeTest.csproj", "{43C10E4A-EADB-4EF3-9DD1-AD0B4E340F7E}"
EndProject
Project("{2150E333-8FDC-42A3-9474-1A3956D46DE8}") = "MaxChar", "MaxChar", "{E977D856-8306-4CDB-8675-8CAB7FB42E56}"
EndProject
Project("{9A19103F-16F7-4668-BE54-9A1E7A4F7556}") = "MaxCharCode", "MaxCharCode\MaxCharCode.csproj", "{47DA14E5-F637-4F77-87A9-01F4C31A1F51}"
EndProject
Project("{9A19103F-16F7-4668-BE54-9A1E7A4F7556}") = "MaxCharCodeTest", "MaxCharCodeTest\MaxCharCodeTest.csproj", "{6924B403-A534-45BD-915A-AF738ECD60C5}"
EndProject
Project("{2150E333-8FDC-42A3-9474-1A3956D46DE8}") = "FizzBuzz", "FizzBuzz", "{8193927F-B8CA-4D1A-852E-4C80E3667917}"
EndProject
Project("{9A19103F-16F7-4668-BE54-9A1E7A4F7556}") = "FizzBuzzCode", "FizzBuzzCode\FizzBuzzCode.csproj", "{05E0B29C-EE42-4891-AD38-D57FC7F4AF03}"
EndProject
Project("{9A19103F-16F7-4668-BE54-9A1E7A4F7556}") = "FizzBuzzTest", "FizzBuzzTest\FizzBuzzTest.csproj", "{2DE40CE9-E912-4C2C-AA10-DFDB4EF8EFC0}"
EndProject
Project("{2150E333-8FDC-42A3-9474-1A3956D46DE8}") = "Chunk", "Chunk", "{F73E56F4-4FDF-4D04-8430-2A59878A5EC8}"
EndProject
Project("{FAE04EC0-301F-11D3-BF4B-00C04F79EFBC}") = "ChunkCode", "ChunkCode\ChunkCode.csproj", "{3DCDE4A8-8D7A-46F6-83FA-52862CFCE065}"
EndProject
Project("{FAE04EC0-301F-11D3-BF4B-00C04F79EFBC}") = "ChunkTest", "ChunkTest\ChunkTest.csproj", "{67B311C6-D5C8-4982-A117-284EF17B04AB}"
EndProject
Global
	GlobalSection(SolutionConfigurationPlatforms) = preSolution
		Debug|Any CPU = Debug|Any CPU
		Release|Any CPU = Release|Any CPU
	EndGlobalSection
	GlobalSection(ProjectConfigurationPlatforms) = postSolution
		{CC5218F8-E440-4D46-B0C9-F4C51FCD6B24}.Debug|Any CPU.ActiveCfg = Debug|Any CPU
		{CC5218F8-E440-4D46-B0C9-F4C51FCD6B24}.Debug|Any CPU.Build.0 = Debug|Any CPU
		{CC5218F8-E440-4D46-B0C9-F4C51FCD6B24}.Release|Any CPU.ActiveCfg = Release|Any CPU
		{CC5218F8-E440-4D46-B0C9-F4C51FCD6B24}.Release|Any CPU.Build.0 = Release|Any CPU
		{3B472878-0A73-403D-A2EE-D88DD741AAC3}.Debug|Any CPU.ActiveCfg = Debug|Any CPU
		{3B472878-0A73-403D-A2EE-D88DD741AAC3}.Debug|Any CPU.Build.0 = Debug|Any CPU
		{3B472878-0A73-403D-A2EE-D88DD741AAC3}.Release|Any CPU.ActiveCfg = Release|Any CPU
		{3B472878-0A73-403D-A2EE-D88DD741AAC3}.Release|Any CPU.Build.0 = Release|Any CPU
		{F3D5CF20-3F40-492D-AE86-D4FB4592E051}.Debug|Any CPU.ActiveCfg = Debug|Any CPU
		{F3D5CF20-3F40-492D-AE86-D4FB4592E051}.Debug|Any CPU.Build.0 = Debug|Any CPU
		{F3D5CF20-3F40-492D-AE86-D4FB4592E051}.Release|Any CPU.ActiveCfg = Release|Any CPU
		{F3D5CF20-3F40-492D-AE86-D4FB4592E051}.Release|Any CPU.Build.0 = Release|Any CPU
		{B193534A-D251-4C1E-B734-1FC0A10DD04B}.Debug|Any CPU.ActiveCfg = Debug|Any CPU
		{B193534A-D251-4C1E-B734-1FC0A10DD04B}.Debug|Any CPU.Build.0 = Debug|Any CPU
		{B193534A-D251-4C1E-B734-1FC0A10DD04B}.Release|Any CPU.ActiveCfg = Release|Any CPU
		{B193534A-D251-4C1E-B734-1FC0A10DD04B}.Release|Any CPU.Build.0 = Release|Any CPU
		{D8BE5212-D9AF-4E00-A75A-605E04684F43}.Debug|Any CPU.ActiveCfg = Debug|Any CPU
		{D8BE5212-D9AF-4E00-A75A-605E04684F43}.Debug|Any CPU.Build.0 = Debug|Any CPU
		{D8BE5212-D9AF-4E00-A75A-605E04684F43}.Release|Any CPU.ActiveCfg = Release|Any CPU
		{D8BE5212-D9AF-4E00-A75A-605E04684F43}.Release|Any CPU.Build.0 = Release|Any CPU
		{43C10E4A-EADB-4EF3-9DD1-AD0B4E340F7E}.Debug|Any CPU.ActiveCfg = Debug|Any CPU
		{43C10E4A-EADB-4EF3-9DD1-AD0B4E340F7E}.Debug|Any CPU.Build.0 = Debug|Any CPU
		{43C10E4A-EADB-4EF3-9DD1-AD0B4E340F7E}.Release|Any CPU.ActiveCfg = Release|Any CPU
		{43C10E4A-EADB-4EF3-9DD1-AD0B4E340F7E}.Release|Any CPU.Build.0 = Release|Any CPU
		{47DA14E5-F637-4F77-87A9-01F4C31A1F51}.Debug|Any CPU.ActiveCfg = Debug|Any CPU
		{47DA14E5-F637-4F77-87A9-01F4C31A1F51}.Debug|Any CPU.Build.0 = Debug|Any CPU
		{47DA14E5-F637-4F77-87A9-01F4C31A1F51}.Release|Any CPU.ActiveCfg = Release|Any CPU
		{47DA14E5-F637-4F77-87A9-01F4C31A1F51}.Release|Any CPU.Build.0 = Release|Any CPU
		{6924B403-A534-45BD-915A-AF738ECD60C5}.Debug|Any CPU.ActiveCfg = Debug|Any CPU
		{6924B403-A534-45BD-915A-AF738ECD60C5}.Debug|Any CPU.Build.0 = Debug|Any CPU
		{6924B403-A534-45BD-915A-AF738ECD60C5}.Release|Any CPU.ActiveCfg = Release|Any CPU
		{6924B403-A534-45BD-915A-AF738ECD60C5}.Release|Any CPU.Build.0 = Release|Any CPU
		{05E0B29C-EE42-4891-AD38-D57FC7F4AF03}.Debug|Any CPU.ActiveCfg = Debug|Any CPU
		{05E0B29C-EE42-4891-AD38-D57FC7F4AF03}.Debug|Any CPU.Build.0 = Debug|Any CPU
		{05E0B29C-EE42-4891-AD38-D57FC7F4AF03}.Release|Any CPU.ActiveCfg = Release|Any CPU
		{05E0B29C-EE42-4891-AD38-D57FC7F4AF03}.Release|Any CPU.Build.0 = Release|Any CPU
		{2DE40CE9-E912-4C2C-AA10-DFDB4EF8EFC0}.Debug|Any CPU.ActiveCfg = Debug|Any CPU
		{2DE40CE9-E912-4C2C-AA10-DFDB4EF8EFC0}.Debug|Any CPU.Build.0 = Debug|Any CPU
		{2DE40CE9-E912-4C2C-AA10-DFDB4EF8EFC0}.Release|Any CPU.ActiveCfg = Release|Any CPU
		{2DE40CE9-E912-4C2C-AA10-DFDB4EF8EFC0}.Release|Any CPU.Build.0 = Release|Any CPU
		{3DCDE4A8-8D7A-46F6-83FA-52862CFCE065}.Debug|Any CPU.ActiveCfg = Debug|Any CPU
		{3DCDE4A8-8D7A-46F6-83FA-52862CFCE065}.Debug|Any CPU.Build.0 = Debug|Any CPU
		{3DCDE4A8-8D7A-46F6-83FA-52862CFCE065}.Release|Any CPU.ActiveCfg = Release|Any CPU
		{3DCDE4A8-8D7A-46F6-83FA-52862CFCE065}.Release|Any CPU.Build.0 = Release|Any CPU
		{67B311C6-D5C8-4982-A117-284EF17B04AB}.Debug|Any CPU.ActiveCfg = Debug|Any CPU
		{67B311C6-D5C8-4982-A117-284EF17B04AB}.Debug|Any CPU.Build.0 = Debug|Any CPU
		{67B311C6-D5C8-4982-A117-284EF17B04AB}.Release|Any CPU.ActiveCfg = Release|Any CPU
		{67B311C6-D5C8-4982-A117-284EF17B04AB}.Release|Any CPU.Build.0 = Release|Any CPU
	EndGlobalSection
	GlobalSection(SolutionProperties) = preSolution
		HideSolutionNode = FALSE
	EndGlobalSection
	GlobalSection(NestedProjects) = preSolution
		{CC5218F8-E440-4D46-B0C9-F4C51FCD6B24} = {CA3CA7C2-B01A-414A-A657-2043DE0B4FA9}
		{3B472878-0A73-403D-A2EE-D88DD741AAC3} = {22CEB821-91FD-4776-BAC2-FEF290F2957A}
		{F3D5CF20-3F40-492D-AE86-D4FB4592E051} = {22CEB821-91FD-4776-BAC2-FEF290F2957A}
		{B193534A-D251-4C1E-B734-1FC0A10DD04B} = {CA3CA7C2-B01A-414A-A657-2043DE0B4FA9}
		{D8BE5212-D9AF-4E00-A75A-605E04684F43} = {D457EE60-CABA-4156-BCA5-4264C5A7C57D}
		{43C10E4A-EADB-4EF3-9DD1-AD0B4E340F7E} = {D457EE60-CABA-4156-BCA5-4264C5A7C57D}
		{47DA14E5-F637-4F77-87A9-01F4C31A1F51} = {E977D856-8306-4CDB-8675-8CAB7FB42E56}
		{6924B403-A534-45BD-915A-AF738ECD60C5} = {E977D856-8306-4CDB-8675-8CAB7FB42E56}
		{05E0B29C-EE42-4891-AD38-D57FC7F4AF03} = {8193927F-B8CA-4D1A-852E-4C80E3667917}
		{2DE40CE9-E912-4C2C-AA10-DFDB4EF8EFC0} = {8193927F-B8CA-4D1A-852E-4C80E3667917}
		{3DCDE4A8-8D7A-46F6-83FA-52862CFCE065} = {F73E56F4-4FDF-4D04-8430-2A59878A5EC8}
		{67B311C6-D5C8-4982-A117-284EF17B04AB} = {F73E56F4-4FDF-4D04-8430-2A59878A5EC8}
	EndGlobalSection
	GlobalSection(ExtensibilityGlobals) = postSolution
		SolutionGuid = {FC7E444B-7946-4077-A8D1-A1050A0E6495}
	EndGlobalSection
EndGlobal
